Microsoft Visual Studio Solution File, Format Version 12.00
# Visual Studio Version 17
VisualStudioVersion = 17.13.35617.110
MinimumVisualStudioVersion = 10.0.40219.1
Project("{FAE04EC0-301F-11D3-BF4B-00C04F79EFBC}") = "HostedService.Extensions", "HostedService.Extensions\HostedService.Extensions.csproj", "{5889592D-A816-43B2-9710-B0C2364068C8}"
EndProject
Project("{FAE04EC0-301F-11D3-BF4B-00C04F79EFBC}") = "UnitTests", "UnitTests\UnitTests.csproj", "{6ADA2D80-C2AE-44D3-9CAC-9AC5915D3E33}"
EndProject
Project("{FAE04EC0-301F-11D3-BF4B-00C04F79EFBC}") = "WebApp.Test", "WebApp.Test\WebApp.Test.csproj", "{C274F38B-58E5-3D8E-D82E-36260C218BD9}"
EndProject
Project("{2150E333-8FDC-42A3-9474-1A3956D46DE8}") = "Samples", "Samples", "{02EA681E-C7D8-13C7-8484-4AC65E1B71E8}"
EndProject
Global
	GlobalSection(SolutionConfigurationPlatforms) = preSolution
		Debug|Any CPU = Debug|Any CPU
		Release|Any CPU = Release|Any CPU
	EndGlobalSection
	GlobalSection(ProjectConfigurationPlatforms) = postSolution
		{5889592D-A816-43B2-9710-B0C2364068C8}.Debug|Any CPU.ActiveCfg = Debug|Any CPU
		{5889592D-A816-43B2-9710-B0C2364068C8}.Debug|Any CPU.Build.0 = Debug|Any CPU
		{5889592D-A816-43B2-9710-B0C2364068C8}.Release|Any CPU.ActiveCfg = Release|Any CPU
		{5889592D-A816-43B2-9710-B0C2364068C8}.Release|Any CPU.Build.0 = Release|Any CPU
		{6ADA2D80-C2AE-44D3-9CAC-9AC5915D3E33}.Debug|Any CPU.ActiveCfg = Debug|Any CPU
		{6ADA2D80-C2AE-44D3-9CAC-9AC5915D3E33}.Debug|Any CPU.Build.0 = Debug|Any CPU
		{6ADA2D80-C2AE-44D3-9CAC-9AC5915D3E33}.Release|Any CPU.ActiveCfg = Release|Any CPU
		{6ADA2D80-C2AE-44D3-9CAC-9AC5915D3E33}.Release|Any CPU.Build.0 = Release|Any CPU
		{C274F38B-58E5-3D8E-D82E-36260C218BD9}.Debug|Any CPU.ActiveCfg = Debug|Any CPU
		{C274F38B-58E5-3D8E-D82E-36260C218BD9}.Debug|Any CPU.Build.0 = Debug|Any CPU
		{C274F38B-58E5-3D8E-D82E-36260C218BD9}.Release|Any CPU.ActiveCfg = Release|Any CPU
		{C274F38B-58E5-3D8E-D82E-36260C218BD9}.Release|Any CPU.Build.0 = Release|Any CPU
	EndGlobalSection
	GlobalSection(SolutionProperties) = preSolution
		HideSolutionNode = FALSE
	EndGlobalSection
	GlobalSection(ExtensibilityGlobals) = postSolution
		SolutionGuid = {1027E859-61A2-4960-868D-6FA464EB2A57}
	EndGlobalSection
EndGlobal
